
Microsoft Visual Studio Solution File, Format Version 12.00
# Visual Studio 14
VisualStudioVersion = 14.0.25420.1
MinimumVisualStudioVersion = 10.0.40219.1
Project("{FAE04EC0-301F-11D3-BF4B-00C04F79EFBC}") = "easyStocks.common", "easyStocks.common\easyStocks.common.csproj", "{92B99DDE-DD03-4DDF-88DB-BF5199DADBEA}"
EndProject
Project("{FAE04EC0-301F-11D3-BF4B-00C04F79EFBC}") = "easyStocks.mobile", "easyStocks.mobile\easyStocks.mobile.csproj", "{1B0CEC5F-A416-4156-809D-754618B58E72}"
EndProject
Project("{FAE04EC0-301F-11D3-BF4B-00C04F79EFBC}") = "easyStocks.droid", "easyStocks.droid\easyStocks.droid.csproj", "{9033EA5A-DF01-4809-B013-95541A0B5A8A}"
EndProject
Project("{FAE04EC0-301F-11D3-BF4B-00C04F79EFBC}") = "easyStocks.wpf", "easystocks.wpf\easyStocks.wpf.csproj", "{C22BF671-4A59-4452-98B5-258957B8E1E3}"
EndProject
Project("{FAE04EC0-301F-11D3-BF4B-00C04F79EFBC}") = "EasyStocks.test", "easyStocks.test\EasyStocks.test.csproj", "{DA943707-6F82-4F2C-AF8B-E5CE7C1A4504}"
EndProject
Global
	GlobalSection(SolutionConfigurationPlatforms) = preSolution
		Debug|Any CPU = Debug|Any CPU
		Release|Any CPU = Release|Any CPU
	EndGlobalSection
	GlobalSection(ProjectConfigurationPlatforms) = postSolution
		{92B99DDE-DD03-4DDF-88DB-BF5199DADBEA}.Debug|Any CPU.ActiveCfg = Debug|Any CPU
		{92B99DDE-DD03-4DDF-88DB-BF5199DADBEA}.Debug|Any CPU.Build.0 = Debug|Any CPU
		{92B99DDE-DD03-4DDF-88DB-BF5199DADBEA}.Release|Any CPU.ActiveCfg = Release|Any CPU
		{92B99DDE-DD03-4DDF-88DB-BF5199DADBEA}.Release|Any CPU.Build.0 = Release|Any CPU
		{1B0CEC5F-A416-4156-809D-754618B58E72}.Debug|Any CPU.ActiveCfg = Debug|Any CPU
		{1B0CEC5F-A416-4156-809D-754618B58E72}.Debug|Any CPU.Build.0 = Debug|Any CPU
		{1B0CEC5F-A416-4156-809D-754618B58E72}.Release|Any CPU.ActiveCfg = Release|Any CPU
		{1B0CEC5F-A416-4156-809D-754618B58E72}.Release|Any CPU.Build.0 = Release|Any CPU
		{9033EA5A-DF01-4809-B013-95541A0B5A8A}.Debug|Any CPU.ActiveCfg = Debug|Any CPU
		{9033EA5A-DF01-4809-B013-95541A0B5A8A}.Debug|Any CPU.Build.0 = Debug|Any CPU
		{9033EA5A-DF01-4809-B013-95541A0B5A8A}.Debug|Any CPU.Deploy.0 = Debug|Any CPU
		{9033EA5A-DF01-4809-B013-95541A0B5A8A}.Release|Any CPU.ActiveCfg = Release|Any CPU
		{9033EA5A-DF01-4809-B013-95541A0B5A8A}.Release|Any CPU.Build.0 = Release|Any CPU
		{9033EA5A-DF01-4809-B013-95541A0B5A8A}.Release|Any CPU.Deploy.0 = Release|Any CPU
		{C22BF671-4A59-4452-98B5-258957B8E1E3}.Debug|Any CPU.ActiveCfg = Debug|Any CPU
		{C22BF671-4A59-4452-98B5-258957B8E1E3}.Debug|Any CPU.Build.0 = Debug|Any CPU
		{C22BF671-4A59-4452-98B5-258957B8E1E3}.Release|Any CPU.ActiveCfg = Release|Any CPU
		{C22BF671-4A59-4452-98B5-258957B8E1E3}.Release|Any CPU.Build.0 = Release|Any CPU
		{DA943707-6F82-4F2C-AF8B-E5CE7C1A4504}.Debug|Any CPU.ActiveCfg = Debug|Any CPU
		{DA943707-6F82-4F2C-AF8B-E5CE7C1A4504}.Debug|Any CPU.Build.0 = Debug|Any CPU
		{DA943707-6F82-4F2C-AF8B-E5CE7C1A4504}.Release|Any CPU.ActiveCfg = Release|Any CPU
		{DA943707-6F82-4F2C-AF8B-E5CE7C1A4504}.Release|Any CPU.Build.0 = Release|Any CPU
	EndGlobalSection
	GlobalSection(SolutionProperties) = preSolution
		HideSolutionNode = FALSE
	EndGlobalSection
EndGlobal
