
Microsoft Visual Studio Solution File, Format Version 12.00
# Visual Studio 14
VisualStudioVersion = 14.0.25420.1
MinimumVisualStudioVersion = 10.0.40219.1
Project("{FAE04EC0-301F-11D3-BF4B-00C04F79EFBC}") = "EasyStocks", "EasyStocks.csproj", "{92B99DDE-DD03-4DDF-88DB-BF5199DADBEA}"
EndProject
Project("{FAE04EC0-301F-11D3-BF4B-00C04F79EFBC}") = "EasyStocks.Test", "EasyStocks.Test\EasyStocks.Test.csproj", "{DA943707-6F82-4F2C-AF8B-E5CE7C1A4504}"
EndProject
Project("{FAE04EC0-301F-11D3-BF4B-00C04F79EFBC}") = "EasyStocks.App", "EasyStocks.App\EasyStocks.App\EasyStocks.App.csproj", "{1B0CEC5F-A416-4156-809D-754618B58E72}"
EndProject
Project("{FAE04EC0-301F-11D3-BF4B-00C04F79EFBC}") = "EasyStocks.App.Droid", "EasyStocks.App\EasyStocks.App.Droid\EasyStocks.App.Droid.csproj", "{9033EA5A-DF01-4809-B013-95541A0B5A8A}"
EndProject
Global
	GlobalSection(SolutionConfigurationPlatforms) = preSolution
		Ad-Hoc|Any CPU = Ad-Hoc|Any CPU
		Ad-Hoc|ARM = Ad-Hoc|ARM
		Ad-Hoc|iPhone = Ad-Hoc|iPhone
		Ad-Hoc|iPhoneSimulator = Ad-Hoc|iPhoneSimulator
		Ad-Hoc|x64 = Ad-Hoc|x64
		Ad-Hoc|x86 = Ad-Hoc|x86
		AppStore|Any CPU = AppStore|Any CPU
		AppStore|ARM = AppStore|ARM
		AppStore|iPhone = AppStore|iPhone
		AppStore|iPhoneSimulator = AppStore|iPhoneSimulator
		AppStore|x64 = AppStore|x64
		AppStore|x86 = AppStore|x86
		Debug|Any CPU = Debug|Any CPU
		Debug|ARM = Debug|ARM
		Debug|iPhone = Debug|iPhone
		Debug|iPhoneSimulator = Debug|iPhoneSimulator
		Debug|x64 = Debug|x64
		Debug|x86 = Debug|x86
		Release|Any CPU = Release|Any CPU
		Release|ARM = Release|ARM
		Release|iPhone = Release|iPhone
		Release|iPhoneSimulator = Release|iPhoneSimulator
		Release|x64 = Release|x64
		Release|x86 = Release|x86
	EndGlobalSection
	GlobalSection(ProjectConfigurationPlatforms) = postSolution
		{92B99DDE-DD03-4DDF-88DB-BF5199DADBEA}.Ad-Hoc|Any CPU.ActiveCfg = Release|Any CPU
		{92B99DDE-DD03-4DDF-88DB-BF5199DADBEA}.Ad-Hoc|Any CPU.Build.0 = Release|Any CPU
		{92B99DDE-DD03-4DDF-88DB-BF5199DADBEA}.Ad-Hoc|ARM.ActiveCfg = Release|Any CPU
		{92B99DDE-DD03-4DDF-88DB-BF5199DADBEA}.Ad-Hoc|ARM.Build.0 = Release|Any CPU
		{92B99DDE-DD03-4DDF-88DB-BF5199DADBEA}.Ad-Hoc|iPhone.ActiveCfg = Release|Any CPU
		{92B99DDE-DD03-4DDF-88DB-BF5199DADBEA}.Ad-Hoc|iPhone.Build.0 = Release|Any CPU
		{92B99DDE-DD03-4DDF-88DB-BF5199DADBEA}.Ad-Hoc|iPhoneSimulator.ActiveCfg = Release|Any CPU
		{92B99DDE-DD03-4DDF-88DB-BF5199DADBEA}.Ad-Hoc|iPhoneSimulator.Build.0 = Release|Any CPU
		{92B99DDE-DD03-4DDF-88DB-BF5199DADBEA}.Ad-Hoc|x64.ActiveCfg = Release|Any CPU
		{92B99DDE-DD03-4DDF-88DB-BF5199DADBEA}.Ad-Hoc|x64.Build.0 = Release|Any CPU
		{92B99DDE-DD03-4DDF-88DB-BF5199DADBEA}.Ad-Hoc|x86.ActiveCfg = Release|Any CPU
		{92B99DDE-DD03-4DDF-88DB-BF5199DADBEA}.Ad-Hoc|x86.Build.0 = Release|Any CPU
		{92B99DDE-DD03-4DDF-88DB-BF5199DADBEA}.AppStore|Any CPU.ActiveCfg = Release|Any CPU
		{92B99DDE-DD03-4DDF-88DB-BF5199DADBEA}.AppStore|Any CPU.Build.0 = Release|Any CPU
		{92B99DDE-DD03-4DDF-88DB-BF5199DADBEA}.AppStore|ARM.ActiveCfg = Release|Any CPU
		{92B99DDE-DD03-4DDF-88DB-BF5199DADBEA}.AppStore|ARM.Build.0 = Release|Any CPU
		{92B99DDE-DD03-4DDF-88DB-BF5199DADBEA}.AppStore|iPhone.ActiveCfg = Release|Any CPU
		{92B99DDE-DD03-4DDF-88DB-BF5199DADBEA}.AppStore|iPhone.Build.0 = Release|Any CPU
		{92B99DDE-DD03-4DDF-88DB-BF5199DADBEA}.AppStore|iPhoneSimulator.ActiveCfg = Release|Any CPU
		{92B99DDE-DD03-4DDF-88DB-BF5199DADBEA}.AppStore|iPhoneSimulator.Build.0 = Release|Any CPU
		{92B99DDE-DD03-4DDF-88DB-BF5199DADBEA}.AppStore|x64.ActiveCfg = Release|Any CPU
		{92B99DDE-DD03-4DDF-88DB-BF5199DADBEA}.AppStore|x64.Build.0 = Release|Any CPU
		{92B99DDE-DD03-4DDF-88DB-BF5199DADBEA}.AppStore|x86.ActiveCfg = Release|Any CPU
		{92B99DDE-DD03-4DDF-88DB-BF5199DADBEA}.AppStore|x86.Build.0 = Release|Any CPU
		{92B99DDE-DD03-4DDF-88DB-BF5199DADBEA}.Debug|Any CPU.ActiveCfg = Debug|Any CPU
		{92B99DDE-DD03-4DDF-88DB-BF5199DADBEA}.Debug|Any CPU.Build.0 = Debug|Any CPU
		{92B99DDE-DD03-4DDF-88DB-BF5199DADBEA}.Debug|ARM.ActiveCfg = Debug|Any CPU
		{92B99DDE-DD03-4DDF-88DB-BF5199DADBEA}.Debug|ARM.Build.0 = Debug|Any CPU
		{92B99DDE-DD03-4DDF-88DB-BF5199DADBEA}.Debug|iPhone.ActiveCfg = Debug|Any CPU
		{92B99DDE-DD03-4DDF-88DB-BF5199DADBEA}.Debug|iPhone.Build.0 = Debug|Any CPU
		{92B99DDE-DD03-4DDF-88DB-BF5199DADBEA}.Debug|iPhoneSimulator.ActiveCfg = Debug|Any CPU
		{92B99DDE-DD03-4DDF-88DB-BF5199DADBEA}.Debug|iPhoneSimulator.Build.0 = Debug|Any CPU
		{92B99DDE-DD03-4DDF-88DB-BF5199DADBEA}.Debug|x64.ActiveCfg = Debug|Any CPU
		{92B99DDE-DD03-4DDF-88DB-BF5199DADBEA}.Debug|x64.Build.0 = Debug|Any CPU
		{92B99DDE-DD03-4DDF-88DB-BF5199DADBEA}.Debug|x86.ActiveCfg = Debug|Any CPU
		{92B99DDE-DD03-4DDF-88DB-BF5199DADBEA}.Debug|x86.Build.0 = Debug|Any CPU
		{92B99DDE-DD03-4DDF-88DB-BF5199DADBEA}.Release|Any CPU.ActiveCfg = Release|Any CPU
		{92B99DDE-DD03-4DDF-88DB-BF5199DADBEA}.Release|Any CPU.Build.0 = Release|Any CPU
		{92B99DDE-DD03-4DDF-88DB-BF5199DADBEA}.Release|ARM.ActiveCfg = Release|Any CPU
		{92B99DDE-DD03-4DDF-88DB-BF5199DADBEA}.Release|ARM.Build.0 = Release|Any CPU
		{92B99DDE-DD03-4DDF-88DB-BF5199DADBEA}.Release|iPhone.ActiveCfg = Release|Any CPU
		{92B99DDE-DD03-4DDF-88DB-BF5199DADBEA}.Release|iPhone.Build.0 = Release|Any CPU
		{92B99DDE-DD03-4DDF-88DB-BF5199DADBEA}.Release|iPhoneSimulator.ActiveCfg = Release|Any CPU
		{92B99DDE-DD03-4DDF-88DB-BF5199DADBEA}.Release|iPhoneSimulator.Build.0 = Release|Any CPU
		{92B99DDE-DD03-4DDF-88DB-BF5199DADBEA}.Release|x64.ActiveCfg = Release|Any CPU
		{92B99DDE-DD03-4DDF-88DB-BF5199DADBEA}.Release|x64.Build.0 = Release|Any CPU
		{92B99DDE-DD03-4DDF-88DB-BF5199DADBEA}.Release|x86.ActiveCfg = Release|Any CPU
		{92B99DDE-DD03-4DDF-88DB-BF5199DADBEA}.Release|x86.Build.0 = Release|Any CPU
		{DA943707-6F82-4F2C-AF8B-E5CE7C1A4504}.Ad-Hoc|Any CPU.ActiveCfg = Release|Any CPU
		{DA943707-6F82-4F2C-AF8B-E5CE7C1A4504}.Ad-Hoc|Any CPU.Build.0 = Release|Any CPU
		{DA943707-6F82-4F2C-AF8B-E5CE7C1A4504}.Ad-Hoc|ARM.ActiveCfg = Release|Any CPU
		{DA943707-6F82-4F2C-AF8B-E5CE7C1A4504}.Ad-Hoc|ARM.Build.0 = Release|Any CPU
		{DA943707-6F82-4F2C-AF8B-E5CE7C1A4504}.Ad-Hoc|iPhone.ActiveCfg = Release|Any CPU
		{DA943707-6F82-4F2C-AF8B-E5CE7C1A4504}.Ad-Hoc|iPhone.Build.0 = Release|Any CPU
		{DA943707-6F82-4F2C-AF8B-E5CE7C1A4504}.Ad-Hoc|iPhoneSimulator.ActiveCfg = Release|Any CPU
		{DA943707-6F82-4F2C-AF8B-E5CE7C1A4504}.Ad-Hoc|iPhoneSimulator.Build.0 = Release|Any CPU
		{DA943707-6F82-4F2C-AF8B-E5CE7C1A4504}.Ad-Hoc|x64.ActiveCfg = Release|Any CPU
		{DA943707-6F82-4F2C-AF8B-E5CE7C1A4504}.Ad-Hoc|x64.Build.0 = Release|Any CPU
		{DA943707-6F82-4F2C-AF8B-E5CE7C1A4504}.Ad-Hoc|x86.ActiveCfg = Release|Any CPU
		{DA943707-6F82-4F2C-AF8B-E5CE7C1A4504}.Ad-Hoc|x86.Build.0 = Release|Any CPU
		{DA943707-6F82-4F2C-AF8B-E5CE7C1A4504}.AppStore|Any CPU.ActiveCfg = Release|Any CPU
		{DA943707-6F82-4F2C-AF8B-E5CE7C1A4504}.AppStore|Any CPU.Build.0 = Release|Any CPU
		{DA943707-6F82-4F2C-AF8B-E5CE7C1A4504}.AppStore|ARM.ActiveCfg = Release|Any CPU
		{DA943707-6F82-4F2C-AF8B-E5CE7C1A4504}.AppStore|ARM.Build.0 = Release|Any CPU
		{DA943707-6F82-4F2C-AF8B-E5CE7C1A4504}.AppStore|iPhone.ActiveCfg = Release|Any CPU
		{DA943707-6F82-4F2C-AF8B-E5CE7C1A4504}.AppStore|iPhone.Build.0 = Release|Any CPU
		{DA943707-6F82-4F2C-AF8B-E5CE7C1A4504}.AppStore|iPhoneSimulator.ActiveCfg = Release|Any CPU
		{DA943707-6F82-4F2C-AF8B-E5CE7C1A4504}.AppStore|iPhoneSimulator.Build.0 = Release|Any CPU
		{DA943707-6F82-4F2C-AF8B-E5CE7C1A4504}.AppStore|x64.ActiveCfg = Release|Any CPU
		{DA943707-6F82-4F2C-AF8B-E5CE7C1A4504}.AppStore|x64.Build.0 = Release|Any CPU
		{DA943707-6F82-4F2C-AF8B-E5CE7C1A4504}.AppStore|x86.ActiveCfg = Release|Any CPU
		{DA943707-6F82-4F2C-AF8B-E5CE7C1A4504}.AppStore|x86.Build.0 = Release|Any CPU
		{DA943707-6F82-4F2C-AF8B-E5CE7C1A4504}.Debug|Any CPU.ActiveCfg = Debug|Any CPU
		{DA943707-6F82-4F2C-AF8B-E5CE7C1A4504}.Debug|Any CPU.Build.0 = Debug|Any CPU
		{DA943707-6F82-4F2C-AF8B-E5CE7C1A4504}.Debug|ARM.ActiveCfg = Debug|Any CPU
		{DA943707-6F82-4F2C-AF8B-E5CE7C1A4504}.Debug|ARM.Build.0 = Debug|Any CPU
		{DA943707-6F82-4F2C-AF8B-E5CE7C1A4504}.Debug|iPhone.ActiveCfg = Debug|Any CPU
		{DA943707-6F82-4F2C-AF8B-E5CE7C1A4504}.Debug|iPhone.Build.0 = Debug|Any CPU
		{DA943707-6F82-4F2C-AF8B-E5CE7C1A4504}.Debug|iPhoneSimulator.ActiveCfg = Debug|Any CPU
		{DA943707-6F82-4F2C-AF8B-E5CE7C1A4504}.Debug|iPhoneSimulator.Build.0 = Debug|Any CPU
		{DA943707-6F82-4F2C-AF8B-E5CE7C1A4504}.Debug|x64.ActiveCfg = Debug|Any CPU
		{DA943707-6F82-4F2C-AF8B-E5CE7C1A4504}.Debug|x64.Build.0 = Debug|Any CPU
		{DA943707-6F82-4F2C-AF8B-E5CE7C1A4504}.Debug|x86.ActiveCfg = Debug|Any CPU
		{DA943707-6F82-4F2C-AF8B-E5CE7C1A4504}.Debug|x86.Build.0 = Debug|Any CPU
		{DA943707-6F82-4F2C-AF8B-E5CE7C1A4504}.Release|Any CPU.ActiveCfg = Release|Any CPU
		{DA943707-6F82-4F2C-AF8B-E5CE7C1A4504}.Release|Any CPU.Build.0 = Release|Any CPU
		{DA943707-6F82-4F2C-AF8B-E5CE7C1A4504}.Release|ARM.ActiveCfg = Release|Any CPU
		{DA943707-6F82-4F2C-AF8B-E5CE7C1A4504}.Release|ARM.Build.0 = Release|Any CPU
		{DA943707-6F82-4F2C-AF8B-E5CE7C1A4504}.Release|iPhone.ActiveCfg = Release|Any CPU
		{DA943707-6F82-4F2C-AF8B-E5CE7C1A4504}.Release|iPhone.Build.0 = Release|Any CPU
		{DA943707-6F82-4F2C-AF8B-E5CE7C1A4504}.Release|iPhoneSimulator.ActiveCfg = Release|Any CPU
		{DA943707-6F82-4F2C-AF8B-E5CE7C1A4504}.Release|iPhoneSimulator.Build.0 = Release|Any CPU
		{DA943707-6F82-4F2C-AF8B-E5CE7C1A4504}.Release|x64.ActiveCfg = Release|Any CPU
		{DA943707-6F82-4F2C-AF8B-E5CE7C1A4504}.Release|x64.Build.0 = Release|Any CPU
		{DA943707-6F82-4F2C-AF8B-E5CE7C1A4504}.Release|x86.ActiveCfg = Release|Any CPU
		{DA943707-6F82-4F2C-AF8B-E5CE7C1A4504}.Release|x86.Build.0 = Release|Any CPU
		{1B0CEC5F-A416-4156-809D-754618B58E72}.Ad-Hoc|Any CPU.ActiveCfg = Release|Any CPU
		{1B0CEC5F-A416-4156-809D-754618B58E72}.Ad-Hoc|Any CPU.Build.0 = Release|Any CPU
		{1B0CEC5F-A416-4156-809D-754618B58E72}.Ad-Hoc|ARM.ActiveCfg = Release|Any CPU
		{1B0CEC5F-A416-4156-809D-754618B58E72}.Ad-Hoc|ARM.Build.0 = Release|Any CPU
		{1B0CEC5F-A416-4156-809D-754618B58E72}.Ad-Hoc|iPhone.ActiveCfg = Release|Any CPU
		{1B0CEC5F-A416-4156-809D-754618B58E72}.Ad-Hoc|iPhone.Build.0 = Release|Any CPU
		{1B0CEC5F-A416-4156-809D-754618B58E72}.Ad-Hoc|iPhoneSimulator.ActiveCfg = Release|Any CPU
		{1B0CEC5F-A416-4156-809D-754618B58E72}.Ad-Hoc|iPhoneSimulator.Build.0 = Release|Any CPU
		{1B0CEC5F-A416-4156-809D-754618B58E72}.Ad-Hoc|x64.ActiveCfg = Release|Any CPU
		{1B0CEC5F-A416-4156-809D-754618B58E72}.Ad-Hoc|x64.Build.0 = Release|Any CPU
		{1B0CEC5F-A416-4156-809D-754618B58E72}.Ad-Hoc|x86.ActiveCfg = Release|Any CPU
		{1B0CEC5F-A416-4156-809D-754618B58E72}.Ad-Hoc|x86.Build.0 = Release|Any CPU
		{1B0CEC5F-A416-4156-809D-754618B58E72}.AppStore|Any CPU.ActiveCfg = Release|Any CPU
		{1B0CEC5F-A416-4156-809D-754618B58E72}.AppStore|Any CPU.Build.0 = Release|Any CPU
		{1B0CEC5F-A416-4156-809D-754618B58E72}.AppStore|ARM.ActiveCfg = Release|Any CPU
		{1B0CEC5F-A416-4156-809D-754618B58E72}.AppStore|ARM.Build.0 = Release|Any CPU
		{1B0CEC5F-A416-4156-809D-754618B58E72}.AppStore|iPhone.ActiveCfg = Release|Any CPU
		{1B0CEC5F-A416-4156-809D-754618B58E72}.AppStore|iPhone.Build.0 = Release|Any CPU
		{1B0CEC5F-A416-4156-809D-754618B58E72}.AppStore|iPhoneSimulator.ActiveCfg = Release|Any CPU
		{1B0CEC5F-A416-4156-809D-754618B58E72}.AppStore|iPhoneSimulator.Build.0 = Release|Any CPU
		{1B0CEC5F-A416-4156-809D-754618B58E72}.AppStore|x64.ActiveCfg = Release|Any CPU
		{1B0CEC5F-A416-4156-809D-754618B58E72}.AppStore|x64.Build.0 = Release|Any CPU
		{1B0CEC5F-A416-4156-809D-754618B58E72}.AppStore|x86.ActiveCfg = Release|Any CPU
		{1B0CEC5F-A416-4156-809D-754618B58E72}.AppStore|x86.Build.0 = Release|Any CPU
		{1B0CEC5F-A416-4156-809D-754618B58E72}.Debug|Any CPU.ActiveCfg = Debug|Any CPU
		{1B0CEC5F-A416-4156-809D-754618B58E72}.Debug|Any CPU.Build.0 = Debug|Any CPU
		{1B0CEC5F-A416-4156-809D-754618B58E72}.Debug|ARM.ActiveCfg = Debug|Any CPU
		{1B0CEC5F-A416-4156-809D-754618B58E72}.Debug|ARM.Build.0 = Debug|Any CPU
		{1B0CEC5F-A416-4156-809D-754618B58E72}.Debug|iPhone.ActiveCfg = Debug|Any CPU
		{1B0CEC5F-A416-4156-809D-754618B58E72}.Debug|iPhone.Build.0 = Debug|Any CPU
		{1B0CEC5F-A416-4156-809D-754618B58E72}.Debug|iPhoneSimulator.ActiveCfg = Debug|Any CPU
		{1B0CEC5F-A416-4156-809D-754618B58E72}.Debug|iPhoneSimulator.Build.0 = Debug|Any CPU
		{1B0CEC5F-A416-4156-809D-754618B58E72}.Debug|x64.ActiveCfg = Debug|Any CPU
		{1B0CEC5F-A416-4156-809D-754618B58E72}.Debug|x64.Build.0 = Debug|Any CPU
		{1B0CEC5F-A416-4156-809D-754618B58E72}.Debug|x86.ActiveCfg = Debug|Any CPU
		{1B0CEC5F-A416-4156-809D-754618B58E72}.Debug|x86.Build.0 = Debug|Any CPU
		{1B0CEC5F-A416-4156-809D-754618B58E72}.Release|Any CPU.ActiveCfg = Release|Any CPU
		{1B0CEC5F-A416-4156-809D-754618B58E72}.Release|Any CPU.Build.0 = Release|Any CPU
		{1B0CEC5F-A416-4156-809D-754618B58E72}.Release|ARM.ActiveCfg = Release|Any CPU
		{1B0CEC5F-A416-4156-809D-754618B58E72}.Release|ARM.Build.0 = Release|Any CPU
		{1B0CEC5F-A416-4156-809D-754618B58E72}.Release|iPhone.ActiveCfg = Release|Any CPU
		{1B0CEC5F-A416-4156-809D-754618B58E72}.Release|iPhone.Build.0 = Release|Any CPU
		{1B0CEC5F-A416-4156-809D-754618B58E72}.Release|iPhoneSimulator.ActiveCfg = Release|Any CPU
		{1B0CEC5F-A416-4156-809D-754618B58E72}.Release|iPhoneSimulator.Build.0 = Release|Any CPU
		{1B0CEC5F-A416-4156-809D-754618B58E72}.Release|x64.ActiveCfg = Release|Any CPU
		{1B0CEC5F-A416-4156-809D-754618B58E72}.Release|x64.Build.0 = Release|Any CPU
		{1B0CEC5F-A416-4156-809D-754618B58E72}.Release|x86.ActiveCfg = Release|Any CPU
		{1B0CEC5F-A416-4156-809D-754618B58E72}.Release|x86.Build.0 = Release|Any CPU
		{9033EA5A-DF01-4809-B013-95541A0B5A8A}.Ad-Hoc|Any CPU.ActiveCfg = Release|Any CPU
		{9033EA5A-DF01-4809-B013-95541A0B5A8A}.Ad-Hoc|Any CPU.Build.0 = Release|Any CPU
		{9033EA5A-DF01-4809-B013-95541A0B5A8A}.Ad-Hoc|Any CPU.Deploy.0 = Release|Any CPU
		{9033EA5A-DF01-4809-B013-95541A0B5A8A}.Ad-Hoc|ARM.ActiveCfg = Release|Any CPU
		{9033EA5A-DF01-4809-B013-95541A0B5A8A}.Ad-Hoc|ARM.Build.0 = Release|Any CPU
		{9033EA5A-DF01-4809-B013-95541A0B5A8A}.Ad-Hoc|ARM.Deploy.0 = Release|Any CPU
		{9033EA5A-DF01-4809-B013-95541A0B5A8A}.Ad-Hoc|iPhone.ActiveCfg = Release|Any CPU
		{9033EA5A-DF01-4809-B013-95541A0B5A8A}.Ad-Hoc|iPhone.Build.0 = Release|Any CPU
		{9033EA5A-DF01-4809-B013-95541A0B5A8A}.Ad-Hoc|iPhone.Deploy.0 = Release|Any CPU
		{9033EA5A-DF01-4809-B013-95541A0B5A8A}.Ad-Hoc|iPhoneSimulator.ActiveCfg = Release|Any CPU
		{9033EA5A-DF01-4809-B013-95541A0B5A8A}.Ad-Hoc|iPhoneSimulator.Build.0 = Release|Any CPU
		{9033EA5A-DF01-4809-B013-95541A0B5A8A}.Ad-Hoc|iPhoneSimulator.Deploy.0 = Release|Any CPU
		{9033EA5A-DF01-4809-B013-95541A0B5A8A}.Ad-Hoc|x64.ActiveCfg = Release|Any CPU
		{9033EA5A-DF01-4809-B013-95541A0B5A8A}.Ad-Hoc|x64.Build.0 = Release|Any CPU
		{9033EA5A-DF01-4809-B013-95541A0B5A8A}.Ad-Hoc|x64.Deploy.0 = Release|Any CPU
		{9033EA5A-DF01-4809-B013-95541A0B5A8A}.Ad-Hoc|x86.ActiveCfg = Release|Any CPU
		{9033EA5A-DF01-4809-B013-95541A0B5A8A}.Ad-Hoc|x86.Build.0 = Release|Any CPU
		{9033EA5A-DF01-4809-B013-95541A0B5A8A}.Ad-Hoc|x86.Deploy.0 = Release|Any CPU
		{9033EA5A-DF01-4809-B013-95541A0B5A8A}.AppStore|Any CPU.ActiveCfg = Release|Any CPU
		{9033EA5A-DF01-4809-B013-95541A0B5A8A}.AppStore|Any CPU.Build.0 = Release|Any CPU
		{9033EA5A-DF01-4809-B013-95541A0B5A8A}.AppStore|Any CPU.Deploy.0 = Release|Any CPU
		{9033EA5A-DF01-4809-B013-95541A0B5A8A}.AppStore|ARM.ActiveCfg = Release|Any CPU
		{9033EA5A-DF01-4809-B013-95541A0B5A8A}.AppStore|ARM.Build.0 = Release|Any CPU
		{9033EA5A-DF01-4809-B013-95541A0B5A8A}.AppStore|ARM.Deploy.0 = Release|Any CPU
		{9033EA5A-DF01-4809-B013-95541A0B5A8A}.AppStore|iPhone.ActiveCfg = Release|Any CPU
		{9033EA5A-DF01-4809-B013-95541A0B5A8A}.AppStore|iPhone.Build.0 = Release|Any CPU
		{9033EA5A-DF01-4809-B013-95541A0B5A8A}.AppStore|iPhone.Deploy.0 = Release|Any CPU
		{9033EA5A-DF01-4809-B013-95541A0B5A8A}.AppStore|iPhoneSimulator.ActiveCfg = Release|Any CPU
		{9033EA5A-DF01-4809-B013-95541A0B5A8A}.AppStore|iPhoneSimulator.Build.0 = Release|Any CPU
		{9033EA5A-DF01-4809-B013-95541A0B5A8A}.AppStore|iPhoneSimulator.Deploy.0 = Release|Any CPU
		{9033EA5A-DF01-4809-B013-95541A0B5A8A}.AppStore|x64.ActiveCfg = Release|Any CPU
		{9033EA5A-DF01-4809-B013-95541A0B5A8A}.AppStore|x64.Build.0 = Release|Any CPU
		{9033EA5A-DF01-4809-B013-95541A0B5A8A}.AppStore|x64.Deploy.0 = Release|Any CPU
		{9033EA5A-DF01-4809-B013-95541A0B5A8A}.AppStore|x86.ActiveCfg = Release|Any CPU
		{9033EA5A-DF01-4809-B013-95541A0B5A8A}.AppStore|x86.Build.0 = Release|Any CPU
		{9033EA5A-DF01-4809-B013-95541A0B5A8A}.AppStore|x86.Deploy.0 = Release|Any CPU
		{9033EA5A-DF01-4809-B013-95541A0B5A8A}.Debug|Any CPU.ActiveCfg = Debug|Any CPU
		{9033EA5A-DF01-4809-B013-95541A0B5A8A}.Debug|Any CPU.Build.0 = Debug|Any CPU
		{9033EA5A-DF01-4809-B013-95541A0B5A8A}.Debug|Any CPU.Deploy.0 = Debug|Any CPU
		{9033EA5A-DF01-4809-B013-95541A0B5A8A}.Debug|ARM.ActiveCfg = Debug|Any CPU
		{9033EA5A-DF01-4809-B013-95541A0B5A8A}.Debug|ARM.Build.0 = Debug|Any CPU
		{9033EA5A-DF01-4809-B013-95541A0B5A8A}.Debug|ARM.Deploy.0 = Debug|Any CPU
		{9033EA5A-DF01-4809-B013-95541A0B5A8A}.Debug|iPhone.ActiveCfg = Debug|Any CPU
		{9033EA5A-DF01-4809-B013-95541A0B5A8A}.Debug|iPhone.Build.0 = Debug|Any CPU
		{9033EA5A-DF01-4809-B013-95541A0B5A8A}.Debug|iPhone.Deploy.0 = Debug|Any CPU
		{9033EA5A-DF01-4809-B013-95541A0B5A8A}.Debug|iPhoneSimulator.ActiveCfg = Debug|Any CPU
		{9033EA5A-DF01-4809-B013-95541A0B5A8A}.Debug|iPhoneSimulator.Build.0 = Debug|Any CPU
		{9033EA5A-DF01-4809-B013-95541A0B5A8A}.Debug|iPhoneSimulator.Deploy.0 = Debug|Any CPU
		{9033EA5A-DF01-4809-B013-95541A0B5A8A}.Debug|x64.ActiveCfg = Debug|Any CPU
		{9033EA5A-DF01-4809-B013-95541A0B5A8A}.Debug|x64.Build.0 = Debug|Any CPU
		{9033EA5A-DF01-4809-B013-95541A0B5A8A}.Debug|x64.Deploy.0 = Debug|Any CPU
		{9033EA5A-DF01-4809-B013-95541A0B5A8A}.Debug|x86.ActiveCfg = Debug|Any CPU
		{9033EA5A-DF01-4809-B013-95541A0B5A8A}.Debug|x86.Build.0 = Debug|Any CPU
		{9033EA5A-DF01-4809-B013-95541A0B5A8A}.Debug|x86.Deploy.0 = Debug|Any CPU
		{9033EA5A-DF01-4809-B013-95541A0B5A8A}.Release|Any CPU.ActiveCfg = Release|Any CPU
		{9033EA5A-DF01-4809-B013-95541A0B5A8A}.Release|Any CPU.Build.0 = Release|Any CPU
		{9033EA5A-DF01-4809-B013-95541A0B5A8A}.Release|Any CPU.Deploy.0 = Release|Any CPU
		{9033EA5A-DF01-4809-B013-95541A0B5A8A}.Release|ARM.ActiveCfg = Release|Any CPU
		{9033EA5A-DF01-4809-B013-95541A0B5A8A}.Release|ARM.Build.0 = Release|Any CPU
		{9033EA5A-DF01-4809-B013-95541A0B5A8A}.Release|ARM.Deploy.0 = Release|Any CPU
		{9033EA5A-DF01-4809-B013-95541A0B5A8A}.Release|iPhone.ActiveCfg = Release|Any CPU
		{9033EA5A-DF01-4809-B013-95541A0B5A8A}.Release|iPhone.Build.0 = Release|Any CPU
		{9033EA5A-DF01-4809-B013-95541A0B5A8A}.Release|iPhone.Deploy.0 = Release|Any CPU
		{9033EA5A-DF01-4809-B013-95541A0B5A8A}.Release|iPhoneSimulator.ActiveCfg = Release|Any CPU
		{9033EA5A-DF01-4809-B013-95541A0B5A8A}.Release|iPhoneSimulator.Build.0 = Release|Any CPU
		{9033EA5A-DF01-4809-B013-95541A0B5A8A}.Release|iPhoneSimulator.Deploy.0 = Release|Any CPU
		{9033EA5A-DF01-4809-B013-95541A0B5A8A}.Release|x64.ActiveCfg = Release|Any CPU
		{9033EA5A-DF01-4809-B013-95541A0B5A8A}.Release|x64.Build.0 = Release|Any CPU
		{9033EA5A-DF01-4809-B013-95541A0B5A8A}.Release|x64.Deploy.0 = Release|Any CPU
		{9033EA5A-DF01-4809-B013-95541A0B5A8A}.Release|x86.ActiveCfg = Release|Any CPU
		{9033EA5A-DF01-4809-B013-95541A0B5A8A}.Release|x86.Build.0 = Release|Any CPU
		{9033EA5A-DF01-4809-B013-95541A0B5A8A}.Release|x86.Deploy.0 = Release|Any CPU
	EndGlobalSection
	GlobalSection(SolutionProperties) = preSolution
		HideSolutionNode = FALSE
	EndGlobalSection
EndGlobal
